
Microsoft Visual Studio Solution File, Format Version 12.00
# Visual Studio Version 16
VisualStudioVersion = 16.0.29728.190
MinimumVisualStudioVersion = 10.0.40219.1
Project("{FAE04EC0-301F-11D3-BF4B-00C04F79EFBC}") = "OfAbsence", "OfpptAbsence\OfAbsence.csproj", "{3FCFA4CD-CB35-477E-9077-56F28E806A0D}"
EndProject
Global
	GlobalSection(SolutionConfigurationPlatforms) = preSolution
		Debug|Any CPU = Debug|Any CPU
		Release|Any CPU = Release|Any CPU
	EndGlobalSection
	GlobalSection(ProjectConfigurationPlatforms) = postSolution
		{3FCFA4CD-CB35-477E-9077-56F28E806A0D}.Debug|Any CPU.ActiveCfg = Debug|Any CPU
		{3FCFA4CD-CB35-477E-9077-56F28E806A0D}.Debug|Any CPU.Build.0 = Debug|Any CPU
		{3FCFA4CD-CB35-477E-9077-56F28E806A0D}.Release|Any CPU.ActiveCfg = Release|Any CPU
		{3FCFA4CD-CB35-477E-9077-56F28E806A0D}.Release|Any CPU.Build.0 = Release|Any CPU
	EndGlobalSection
	GlobalSection(SolutionProperties) = preSolution
		HideSolutionNode = FALSE
	EndGlobalSection
	GlobalSection(ExtensibilityGlobals) = postSolution
		SolutionGuid = {797A2D26-85FA-43CC-A363-656B03789992}
	EndGlobalSection
EndGlobal
